// !$*UTF8*$!
{
	archiveVersion = 1;
	classes = {
	};
	objectVersion = 45;
	objects = {

/* Begin PBXBuildFile section */
		49508EDB1099415700EC02DF /* Course.cpp in Sources */ = {isa = PBXBuildFile; fileRef = 49508EDA1099415700EC02DF /* Course.cpp */; };
		4955FD4F1096325F00B80A12 /* VectorMath.cpp in Sources */ = {isa = PBXBuildFile; fileRef = 4955FD4E1096325F00B80A12 /* VectorMath.cpp */; };
		4962E87E10B8A1BB00528676 /* UnixImageIO.framework in Frameworks */ = {isa = PBXBuildFile; fileRef = 4962E87D10B8A1BB00528676 /* UnixImageIO.framework */; };
		4962E98D10B8A2FD00528676 /* PNGTexture.cpp in Sources */ = {isa = PBXBuildFile; fileRef = 4962E98C10B8A2FD00528676 /* PNGTexture.cpp */; };
		4962EAB410B8B1B700528676 /* numbers.png in Copy Other Files */ = {isa = PBXBuildFile; fileRef = 49C99C9610B8988B002B61CB /* numbers.png */; };
		496DA7D110921A440016E1FB /* ApplicationServices.framework in Frameworks */ = {isa = PBXBuildFile; fileRef = 496DA7D010921A440016E1FB /* ApplicationServices.framework */; };
		4991852A1093A969008C788A /* Camera.cpp in Sources */ = {isa = PBXBuildFile; fileRef = 499185291093A969008C788A /* Camera.cpp */; };
		49C843CC109125FA0052A1AA /* GLUT.framework in Frameworks */ = {isa = PBXBuildFile; fileRef = 49C843CB109125FA0052A1AA /* GLUT.framework */; };
		49C843D21091261A0052A1AA /* OpenGL.framework in Frameworks */ = {isa = PBXBuildFile; fileRef = 49C843D11091261A0052A1AA /* OpenGL.framework */; };
		49C844F410913BD00052A1AA /* GameController.cpp in Sources */ = {isa = PBXBuildFile; fileRef = 49C844F310913BD00052A1AA /* GameController.cpp */; };
		49C8453A10913E140052A1AA /* ViewController.cpp in Sources */ = {isa = PBXBuildFile; fileRef = 49C8453910913E140052A1AA /* ViewController.cpp */; };
		49C845E1109147610052A1AA /* PlayerController.cpp in Sources */ = {isa = PBXBuildFile; fileRef = 49C845E0109147610052A1AA /* PlayerController.cpp */; };
		49C845E4109148CF0052A1AA /* Guardian.cpp in Sources */ = {isa = PBXBuildFile; fileRef = 49C845E3109148CF0052A1AA /* Guardian.cpp */; };
		49C99BA110B88A40002B61CB /* InformationOverlay.cpp in Sources */ = {isa = PBXBuildFile; fileRef = 49C99BA010B88A40002B61CB /* InformationOverlay.cpp */; };
		49CB5E73109A4F630038D166 /* level1.txt in Copy Other Files */ = {isa = PBXBuildFile; fileRef = 49CB5E72109A4F500038D166 /* level1.txt */; };
		49E897A810D22BE90010A65F /* f-16.mtl in Copy Data Files */ = {isa = PBXBuildFile; fileRef = 537FA33D10D1DA0B00FCDF26 /* f-16.mtl */; };
		49E897A910D22BE90010A65F /* f-16.obj in Copy Data Files */ = {isa = PBXBuildFile; fileRef = 537FA33E10D1DA0B00FCDF26 /* f-16.obj */; };
		49E897AA10D22BE90010A65F /* porsche.mtl in Copy Data Files */ = {isa = PBXBuildFile; fileRef = 537FA33F10D1DA0B00FCDF26 /* porsche.mtl */; };
		49E897AB10D22BE90010A65F /* porsche.obj in Copy Data Files */ = {isa = PBXBuildFile; fileRef = 537FA34010D1DA0B00FCDF26 /* porsche.obj */; };
		49FA57231091F8EA001CE911 /* Primitives.cpp in Sources */ = {isa = PBXBuildFile; fileRef = 49FA57221091F8EA001CE911 /* Primitives.cpp */; };
		530442D710D24E55007F053A /* S2.raw in Copy Other Files */ = {isa = PBXBuildFile; fileRef = 530442D010D24E35007F053A /* S2.raw */; };
		530442D810D24E55007F053A /* S3.raw in Copy Other Files */ = {isa = PBXBuildFile; fileRef = 530442D110D24E35007F053A /* S3.raw */; };
		530442D910D24E55007F053A /* S4.raw in Copy Other Files */ = {isa = PBXBuildFile; fileRef = 530442D210D24E35007F053A /* S4.raw */; };
		530442DA10D24E55007F053A /* S5.raw in Copy Other Files */ = {isa = PBXBuildFile; fileRef = 530442D310D24E35007F053A /* S5.raw */; };
		530442DB10D24E55007F053A /* S6.raw in Copy Other Files */ = {isa = PBXBuildFile; fileRef = 530442D410D24E35007F053A /* S6.raw */; };
		530442FD10D25099007F053A /* S1.raw in Copy Other Files */ = {isa = PBXBuildFile; fileRef = 530442FA10D2508F007F053A /* S1.raw */; };
		530A68AF10911A8800C87CD4 /* Racer.cpp in Sources */ = {isa = PBXBuildFile; fileRef = 530A68AE10911A8800C87CD4 /* Racer.cpp */; };
		5329FFA610D254490035DFC2 /* S1Diffus.raw in Copy Other Files */ = {isa = PBXBuildFile; fileRef = 5304431510D2526F007F053A /* S1Diffus.raw */; };
		537FA28D10D1D40300FCDF26 /* glm.cpp in Sources */ = {isa = PBXBuildFile; fileRef = 537FA28B10D1D40300FCDF26 /* glm.cpp */; };
		537FA2D410D1D58500FCDF26 /* DrawingObjects.cpp in Sources */ = {isa = PBXBuildFile; fileRef = 537FA2D310D1D58500FCDF26 /* DrawingObjects.cpp */; };
		53A4C31510D22CE600F71311 /* back.raw in Copy Other Files */ = {isa = PBXBuildFile; fileRef = 53A4C31410D22CD100F71311 /* back.raw */; };
		53A4C31C10D22CFE00F71311 /* Stone_Forest_1.mtl in Copy Data Files */ = {isa = PBXBuildFile; fileRef = 53A4C31A10D22CF800F71311 /* Stone_Forest_1.mtl */; };
		53A4C31D10D22CFE00F71311 /* Stone_Forest_1.obj in Copy Data Files */ = {isa = PBXBuildFile; fileRef = 53A4C31B10D22CF800F71311 /* Stone_Forest_1.obj */; };
		8DD76F650486A84900D96B5E /* main.cpp in Sources */ = {isa = PBXBuildFile; fileRef = 08FB7796FE84155DC02AAC07 /* main.cpp */; settings = {ATTRIBUTES = (); }; };
/* End PBXBuildFile section */

/* Begin PBXCopyFilesBuildPhase section */
		49E8969F10D22BBE0010A65F /* Copy Data Files */ = {
			isa = PBXCopyFilesBuildPhase;
			buildActionMask = 2147483647;
			dstPath = data;
			dstSubfolderSpec = 6;
			files = (
				53A4C31C10D22CFE00F71311 /* Stone_Forest_1.mtl in Copy Data Files */,
				53A4C31D10D22CFE00F71311 /* Stone_Forest_1.obj in Copy Data Files */,
				49E897A810D22BE90010A65F /* f-16.mtl in Copy Data Files */,
				49E897A910D22BE90010A65F /* f-16.obj in Copy Data Files */,
				49E897AA10D22BE90010A65F /* porsche.mtl in Copy Data Files */,
				49E897AB10D22BE90010A65F /* porsche.obj in Copy Data Files */,
			);
			name = "Copy Data Files";
			runOnlyForDeploymentPostprocessing = 0;
		};
		8DD76F690486A84900D96B5E /* Copy Other Files */ = {
			isa = PBXCopyFilesBuildPhase;
			buildActionMask = 12;
			dstPath = "";
			dstSubfolderSpec = 6;
			files = (
				5329FFA610D254490035DFC2 /* S1Diffus.raw in Copy Other Files */,
				530442FD10D25099007F053A /* S1.raw in Copy Other Files */,
				530442D710D24E55007F053A /* S2.raw in Copy Other Files */,
				530442D810D24E55007F053A /* S3.raw in Copy Other Files */,
				530442D910D24E55007F053A /* S4.raw in Copy Other Files */,
				530442DA10D24E55007F053A /* S5.raw in Copy Other Files */,
				530442DB10D24E55007F053A /* S6.raw in Copy Other Files */,
				4962EAB410B8B1B700528676 /* numbers.png in Copy Other Files */,
				53A4C31510D22CE600F71311 /* back.raw in Copy Other Files */,
				49CB5E73109A4F630038D166 /* level1.txt in Copy Other Files */,
			);
			name = "Copy Other Files";
			runOnlyForDeploymentPostprocessing = 0;
		};
/* End PBXCopyFilesBuildPhase section */

/* Begin PBXFileReference section */
		08FB7796FE84155DC02AAC07 /* main.cpp */ = {isa = PBXFileReference; fileEncoding = 4; lastKnownFileType = sourcecode.cpp.cpp; path = main.cpp; sourceTree = "<group>"; };
		49508ED91099415700EC02DF /* Course.h */ = {isa = PBXFileReference; fileEncoding = 4; lastKnownFileType = sourcecode.c.h; path = Course.h; sourceTree = "<group>"; };
		49508EDA1099415700EC02DF /* Course.cpp */ = {isa = PBXFileReference; fileEncoding = 4; lastKnownFileType = sourcecode.cpp.cpp; path = Course.cpp; sourceTree = "<group>"; };
		4955FD4D1096325F00B80A12 /* VectorMath.h */ = {isa = PBXFileReference; fileEncoding = 4; lastKnownFileType = sourcecode.c.h; path = VectorMath.h; sourceTree = "<group>"; };
		4955FD4E1096325F00B80A12 /* VectorMath.cpp */ = {isa = PBXFileReference; fileEncoding = 4; lastKnownFileType = sourcecode.cpp.cpp; path = VectorMath.cpp; sourceTree = "<group>"; };
		4962E87D10B8A1BB00528676 /* UnixImageIO.framework */ = {isa = PBXFileReference; lastKnownFileType = wrapper.framework; path = UnixImageIO.framework; sourceTree = "<group>"; };
		4962E98B10B8A2FD00528676 /* PNGTexture.h */ = {isa = PBXFileReference; fileEncoding = 4; lastKnownFileType = sourcecode.c.h; path = PNGTexture.h; sourceTree = "<group>"; };
		4962E98C10B8A2FD00528676 /* PNGTexture.cpp */ = {isa = PBXFileReference; fileEncoding = 4; lastKnownFileType = sourcecode.cpp.cpp; path = PNGTexture.cpp; sourceTree = "<group>"; };
		496DA7D010921A440016E1FB /* ApplicationServices.framework */ = {isa = PBXFileReference; lastKnownFileType = wrapper.framework; name = ApplicationServices.framework; path = /System/Library/Frameworks/ApplicationServices.framework; sourceTree = "<absolute>"; };
		499185281093A969008C788A /* Camera.h */ = {isa = PBXFileReference; fileEncoding = 4; lastKnownFileType = sourcecode.c.h; path = Camera.h; sourceTree = "<group>"; };
		499185291093A969008C788A /* Camera.cpp */ = {isa = PBXFileReference; fileEncoding = 4; lastKnownFileType = sourcecode.cpp.cpp; path = Camera.cpp; sourceTree = "<group>"; };
		49C843CB109125FA0052A1AA /* GLUT.framework */ = {isa = PBXFileReference; lastKnownFileType = wrapper.framework; name = GLUT.framework; path = /System/Library/Frameworks/GLUT.framework; sourceTree = "<absolute>"; };
		49C843D11091261A0052A1AA /* OpenGL.framework */ = {isa = PBXFileReference; lastKnownFileType = wrapper.framework; name = OpenGL.framework; path = /System/Library/Frameworks/OpenGL.framework; sourceTree = "<absolute>"; };
		49C844F210913BD00052A1AA /* GameController.h */ = {isa = PBXFileReference; fileEncoding = 4; lastKnownFileType = sourcecode.c.h; path = GameController.h; sourceTree = "<group>"; };
		49C844F310913BD00052A1AA /* GameController.cpp */ = {isa = PBXFileReference; fileEncoding = 4; lastKnownFileType = sourcecode.cpp.cpp; path = GameController.cpp; sourceTree = "<group>"; };
		49C8453810913E140052A1AA /* ViewController.h */ = {isa = PBXFileReference; fileEncoding = 4; lastKnownFileType = sourcecode.c.h; path = ViewController.h; sourceTree = "<group>"; };
		49C8453910913E140052A1AA /* ViewController.cpp */ = {isa = PBXFileReference; fileEncoding = 4; lastKnownFileType = sourcecode.cpp.cpp; path = ViewController.cpp; sourceTree = "<group>"; };
		49C845D81091468A0052A1AA /* constants.h */ = {isa = PBXFileReference; fileEncoding = 4; lastKnownFileType = sourcecode.c.h; path = constants.h; sourceTree = "<group>"; };
		49C845DF109147610052A1AA /* PlayerController.h */ = {isa = PBXFileReference; fileEncoding = 4; lastKnownFileType = sourcecode.c.h; path = PlayerController.h; sourceTree = "<group>"; };
		49C845E0109147610052A1AA /* PlayerController.cpp */ = {isa = PBXFileReference; fileEncoding = 4; lastKnownFileType = sourcecode.cpp.cpp; path = PlayerController.cpp; sourceTree = "<group>"; };
		49C845E2109148CF0052A1AA /* Guardian.h */ = {isa = PBXFileReference; fileEncoding = 4; lastKnownFileType = sourcecode.c.h; path = Guardian.h; sourceTree = "<group>"; };
		49C845E3109148CF0052A1AA /* Guardian.cpp */ = {isa = PBXFileReference; fileEncoding = 4; lastKnownFileType = sourcecode.cpp.cpp; path = Guardian.cpp; sourceTree = "<group>"; };
		49C846B910914D530052A1AA /* Primitives.h */ = {isa = PBXFileReference; fileEncoding = 4; lastKnownFileType = sourcecode.c.h; path = Primitives.h; sourceTree = "<group>"; };
		49C99B9F10B88A40002B61CB /* InformationOverlay.h */ = {isa = PBXFileReference; fileEncoding = 4; lastKnownFileType = sourcecode.c.h; path = InformationOverlay.h; sourceTree = "<group>"; };
		49C99BA010B88A40002B61CB /* InformationOverlay.cpp */ = {isa = PBXFileReference; fileEncoding = 4; lastKnownFileType = sourcecode.cpp.cpp; path = InformationOverlay.cpp; sourceTree = "<group>"; };
		49C99C9610B8988B002B61CB /* numbers.png */ = {isa = PBXFileReference; lastKnownFileType = image.png; path = numbers.png; sourceTree = "<group>"; };
		49C99D4D10B89E4E002B61CB /* numbers.tga */ = {isa = PBXFileReference; lastKnownFileType = file; path = numbers.tga; sourceTree = "<group>"; };
		49CB5E72109A4F500038D166 /* level1.txt */ = {isa = PBXFileReference; fileEncoding = 4; lastKnownFileType = text; path = level1.txt; sourceTree = "<group>"; };
		49FA57221091F8EA001CE911 /* Primitives.cpp */ = {isa = PBXFileReference; fileEncoding = 4; lastKnownFileType = sourcecode.cpp.cpp; path = Primitives.cpp; sourceTree = "<group>"; };
		530442D010D24E35007F053A /* S2.raw */ = {isa = PBXFileReference; lastKnownFileType = file; path = S2.raw; sourceTree = "<group>"; };
		530442D110D24E35007F053A /* S3.raw */ = {isa = PBXFileReference; lastKnownFileType = file; path = S3.raw; sourceTree = "<group>"; };
		530442D210D24E35007F053A /* S4.raw */ = {isa = PBXFileReference; lastKnownFileType = file; path = S4.raw; sourceTree = "<group>"; };
		530442D310D24E35007F053A /* S5.raw */ = {isa = PBXFileReference; lastKnownFileType = file; path = S5.raw; sourceTree = "<group>"; };
		530442D410D24E35007F053A /* S6.raw */ = {isa = PBXFileReference; fileEncoding = 4; lastKnownFileType = text; path = S6.raw; sourceTree = "<group>"; };
		530442FA10D2508F007F053A /* S1.raw */ = {isa = PBXFileReference; lastKnownFileType = file; path = S1.raw; sourceTree = "<group>"; };
		5304431510D2526F007F053A /* S1Diffus.raw */ = {isa = PBXFileReference; fileEncoding = 4; lastKnownFileType = text; path = S1Diffus.raw; sourceTree = "<group>"; };
		530A68AD10911A8800C87CD4 /* Racer.h */ = {isa = PBXFileReference; fileEncoding = 4; lastKnownFileType = sourcecode.c.h; path = Racer.h; sourceTree = "<group>"; };
		530A68AE10911A8800C87CD4 /* Racer.cpp */ = {isa = PBXFileReference; fileEncoding = 4; lastKnownFileType = sourcecode.cpp.cpp; path = Racer.cpp; sourceTree = "<group>"; };
		537FA28B10D1D40300FCDF26 /* glm.cpp */ = {isa = PBXFileReference; fileEncoding = 4; lastKnownFileType = sourcecode.cpp.cpp; path = glm.cpp; sourceTree = "<group>"; };
		537FA28C10D1D40300FCDF26 /* glm.h */ = {isa = PBXFileReference; fileEncoding = 4; lastKnownFileType = sourcecode.c.h; path = glm.h; sourceTree = "<group>"; };
		537FA2D210D1D58500FCDF26 /* DrawingObjects.h */ = {isa = PBXFileReference; fileEncoding = 4; lastKnownFileType = sourcecode.c.h; path = DrawingObjects.h; sourceTree = "<group>"; };
		537FA2D310D1D58500FCDF26 /* DrawingObjects.cpp */ = {isa = PBXFileReference; fileEncoding = 4; lastKnownFileType = sourcecode.cpp.cpp; path = DrawingObjects.cpp; sourceTree = "<group>"; };
		537FA33D10D1DA0B00FCDF26 /* f-16.mtl */ = {isa = PBXFileReference; fileEncoding = 4; lastKnownFileType = text; path = "f-16.mtl"; sourceTree = "<group>"; };
		537FA33E10D1DA0B00FCDF26 /* f-16.obj */ = {isa = PBXFileReference; fileEncoding = 4; lastKnownFileType = text; path = "f-16.obj"; sourceTree = "<group>"; };
		537FA33F10D1DA0B00FCDF26 /* porsche.mtl */ = {isa = PBXFileReference; fileEncoding = 4; lastKnownFileType = text; path = porsche.mtl; sourceTree = "<group>"; };
		537FA34010D1DA0B00FCDF26 /* porsche.obj */ = {isa = PBXFileReference; fileEncoding = 4; lastKnownFileType = text; path = porsche.obj; sourceTree = "<group>"; };
		53A4C31410D22CD100F71311 /* back.raw */ = {isa = PBXFileReference; lastKnownFileType = file; path = back.raw; sourceTree = "<group>"; };
		53A4C31A10D22CF800F71311 /* Stone_Forest_1.mtl */ = {isa = PBXFileReference; fileEncoding = 4; lastKnownFileType = text; path = Stone_Forest_1.mtl; sourceTree = "<group>"; };
		53A4C31B10D22CF800F71311 /* Stone_Forest_1.obj */ = {isa = PBXFileReference; fileEncoding = 4; lastKnownFileType = text; path = Stone_Forest_1.obj; sourceTree = "<group>"; };
		8DD76F6C0486A84900D96B5E /* rerace */ = {isa = PBXFileReference; explicitFileType = "compiled.mach-o.executable"; includeInIndex = 0; path = rerace; sourceTree = BUILT_PRODUCTS_DIR; };
		C6859E8B029090EE04C91782 /* rerace.1 */ = {isa = PBXFileReference; lastKnownFileType = text.man; path = rerace.1; sourceTree = "<group>"; };
/* End PBXFileReference section */

/* Begin PBXFrameworksBuildPhase section */
		8DD76F660486A84900D96B5E /* Frameworks */ = {
			isa = PBXFrameworksBuildPhase;
			buildActionMask = 2147483647;
			files = (
				49C843CC109125FA0052A1AA /* GLUT.framework in Frameworks */,
				49C843D21091261A0052A1AA /* OpenGL.framework in Frameworks */,
				496DA7D110921A440016E1FB /* ApplicationServices.framework in Frameworks */,
				4962E87E10B8A1BB00528676 /* UnixImageIO.framework in Frameworks */,
			);
			runOnlyForDeploymentPostprocessing = 0;
		};
/* End PBXFrameworksBuildPhase section */

/* Begin PBXGroup section */
		08FB7794FE84155DC02AAC07 /* rerace */ = {
			isa = PBXGroup;
			children = (
				537FA33A10D1D9E800FCDF26 /* Models */,
				49C99C9110B89880002B61CB /* images */,
				49CB5E71109A4F380038D166 /* Levels */,
				08FB7795FE84155DC02AAC07 /* Source */,
				C6859E8C029090F304C91782 /* Documentation */,
				1AB674ADFE9D54B511CA2CBB /* Products */,
				49C843CB109125FA0052A1AA /* GLUT.framework */,
				49C843D11091261A0052A1AA /* OpenGL.framework */,
				496DA7D010921A440016E1FB /* ApplicationServices.framework */,
				4962E87D10B8A1BB00528676 /* UnixImageIO.framework */,
			);
			name = rerace;
			sourceTree = "<group>";
		};
		08FB7795FE84155DC02AAC07 /* Source */ = {
			isa = PBXGroup;
			children = (
				537FA28B10D1D40300FCDF26 /* glm.cpp */,
				537FA28C10D1D40300FCDF26 /* glm.h */,
				49508ED81099414200EC02DF /* Environment */,
				4955FD501096326300B80A12 /* Math */,
				49C846B810914D490052A1AA /* Drawing */,
				49C845D81091468A0052A1AA /* constants.h */,
				49C84577109140C20052A1AA /* Game Objects */,
				49C844F110913BB40052A1AA /* Control */,
				08FB7796FE84155DC02AAC07 /* main.cpp */,
			);
			name = Source;
			sourceTree = "<group>";
		};
		1AB674ADFE9D54B511CA2CBB /* Products */ = {
			isa = PBXGroup;
			children = (
				8DD76F6C0486A84900D96B5E /* rerace */,
			);
			name = Products;
			sourceTree = "<group>";
		};
		49508ED81099414200EC02DF /* Environment */ = {
			isa = PBXGroup;
			children = (
				49508ED91099415700EC02DF /* Course.h */,
				49508EDA1099415700EC02DF /* Course.cpp */,
			);
			name = Environment;
			sourceTree = "<group>";
		};
		4955FD501096326300B80A12 /* Math */ = {
			isa = PBXGroup;
			children = (
				4955FD4D1096325F00B80A12 /* VectorMath.h */,
				4955FD4E1096325F00B80A12 /* VectorMath.cpp */,
			);
			name = Math;
			sourceTree = "<group>";
		};
		49C844F110913BB40052A1AA /* Control */ = {
			isa = PBXGroup;
			children = (
				499185281093A969008C788A /* Camera.h */,
				499185291093A969008C788A /* Camera.cpp */,
				49C844F210913BD00052A1AA /* GameController.h */,
				49C844F310913BD00052A1AA /* GameController.cpp */,
				49C8453810913E140052A1AA /* ViewController.h */,
				49C8453910913E140052A1AA /* ViewController.cpp */,
				49C845DF109147610052A1AA /* PlayerController.h */,
				49C845E0109147610052A1AA /* PlayerController.cpp */,
			);
			name = Control;
			sourceTree = "<group>";
		};
		49C84577109140C20052A1AA /* Game Objects */ = {
			isa = PBXGroup;
			children = (
				530A68AE10911A8800C87CD4 /* Racer.cpp */,
				530A68AD10911A8800C87CD4 /* Racer.h */,
				49C845E2109148CF0052A1AA /* Guardian.h */,
				49C845E3109148CF0052A1AA /* Guardian.cpp */,
			);
			name = "Game Objects";
			sourceTree = "<group>";
		};
		49C846B810914D490052A1AA /* Drawing */ = {
			isa = PBXGroup;
			children = (
				49C846B910914D530052A1AA /* Primitives.h */,
				49FA57221091F8EA001CE911 /* Primitives.cpp */,
				49C99B9F10B88A40002B61CB /* InformationOverlay.h */,
				49C99BA010B88A40002B61CB /* InformationOverlay.cpp */,
				4962E98B10B8A2FD00528676 /* PNGTexture.h */,
				4962E98C10B8A2FD00528676 /* PNGTexture.cpp */,
				537FA2D210D1D58500FCDF26 /* DrawingObjects.h */,
				537FA2D310D1D58500FCDF26 /* DrawingObjects.cpp */,
			);
			name = Drawing;
			sourceTree = "<group>";
		};
		49C99C9110B89880002B61CB /* images */ = {
			isa = PBXGroup;
			children = (
				53A4C31410D22CD100F71311 /* back.raw */,
				530442FA10D2508F007F053A /* S1.raw */,
				530442D010D24E35007F053A /* S2.raw */,
				530442D110D24E35007F053A /* S3.raw */,
				530442D210D24E35007F053A /* S4.raw */,
				530442D310D24E35007F053A /* S5.raw */,
				530442D410D24E35007F053A /* S6.raw */,
				49C99C9610B8988B002B61CB /* numbers.png */,
				49C99D4D10B89E4E002B61CB /* numbers.tga */,
				5304431510D2526F007F053A /* S1Diffus.raw */,
			);
			name = images;
			sourceTree = "<group>";
		};
		49CB5E71109A4F380038D166 /* Levels */ = {
			isa = PBXGroup;
			children = (
				49CB5E72109A4F500038D166 /* level1.txt */,
			);
			name = Levels;
			sourceTree = "<group>";
		};
		537FA33A10D1D9E800FCDF26 /* Models */ = {
			isa = PBXGroup;
			children = (
				537FA33D10D1DA0B00FCDF26 /* f-16.mtl */,
				53A4C31A10D22CF800F71311 /* Stone_Forest_1.mtl */,
				53A4C31B10D22CF800F71311 /* Stone_Forest_1.obj */,
				537FA33E10D1DA0B00FCDF26 /* f-16.obj */,
				537FA33F10D1DA0B00FCDF26 /* porsche.mtl */,
				537FA34010D1DA0B00FCDF26 /* porsche.obj */,
			);
			name = Models;
			sourceTree = "<group>";
		};
		C6859E8C029090F304C91782 /* Documentation */ = {
			isa = PBXGroup;
			children = (
				C6859E8B029090EE04C91782 /* rerace.1 */,
			);
			name = Documentation;
			sourceTree = "<group>";
		};
/* End PBXGroup section */

/* Begin PBXNativeTarget section */
		8DD76F620486A84900D96B5E /* rerace */ = {
			isa = PBXNativeTarget;
			buildConfigurationList = 1DEB923108733DC60010E9CD /* Build configuration list for PBXNativeTarget "rerace" */;
			buildPhases = (
				8DD76F640486A84900D96B5E /* Sources */,
				8DD76F660486A84900D96B5E /* Frameworks */,
				49E8969F10D22BBE0010A65F /* Copy Data Files */,
				8DD76F690486A84900D96B5E /* Copy Other Files */,
			);
			buildRules = (
			);
			dependencies = (
			);
			name = rerace;
			productInstallPath = "$(HOME)/bin";
			productName = rerace;
			productReference = 8DD76F6C0486A84900D96B5E /* rerace */;
			productType = "com.apple.product-type.tool";
		};
/* End PBXNativeTarget section */

/* Begin PBXProject section */
		08FB7793FE84155DC02AAC07 /* Project object */ = {
			isa = PBXProject;
			buildConfigurationList = 1DEB923508733DC60010E9CD /* Build configuration list for PBXProject "rerace" */;
			compatibilityVersion = "Xcode 3.1";
			hasScannedForEncodings = 1;
			mainGroup = 08FB7794FE84155DC02AAC07 /* rerace */;
			projectDirPath = "";
			projectRoot = "";
			targets = (
				8DD76F620486A84900D96B5E /* rerace */,
			);
		};
/* End PBXProject section */

/* Begin PBXSourcesBuildPhase section */
		8DD76F640486A84900D96B5E /* Sources */ = {
			isa = PBXSourcesBuildPhase;
			buildActionMask = 2147483647;
			files = (
				8DD76F650486A84900D96B5E /* main.cpp in Sources */,
				530A68AF10911A8800C87CD4 /* Racer.cpp in Sources */,
				49C844F410913BD00052A1AA /* GameController.cpp in Sources */,
				49C8453A10913E140052A1AA /* ViewController.cpp in Sources */,
				49C845E1109147610052A1AA /* PlayerController.cpp in Sources */,
				49C845E4109148CF0052A1AA /* Guardian.cpp in Sources */,
				49FA57231091F8EA001CE911 /* Primitives.cpp in Sources */,
				4991852A1093A969008C788A /* Camera.cpp in Sources */,
				4955FD4F1096325F00B80A12 /* VectorMath.cpp in Sources */,
				49508EDB1099415700EC02DF /* Course.cpp in Sources */,
				49C99BA110B88A40002B61CB /* InformationOverlay.cpp in Sources */,
				4962E98D10B8A2FD00528676 /* PNGTexture.cpp in Sources */,
				537FA28D10D1D40300FCDF26 /* glm.cpp in Sources */,
				537FA2D410D1D58500FCDF26 /* DrawingObjects.cpp in Sources */,
			);
			runOnlyForDeploymentPostprocessing = 0;
		};
/* End PBXSourcesBuildPhase section */

/* Begin XCBuildConfiguration section */
		1DEB923208733DC60010E9CD /* Debug */ = {
			isa = XCBuildConfiguration;
			buildSettings = {
				ALWAYS_SEARCH_USER_PATHS = NO;
				COPY_PHASE_STRIP = NO;
				FRAMEWORK_SEARCH_PATHS = (
					"$(inherited)",
					"\"$(SRCROOT)\"",
				);
				GCC_DYNAMIC_NO_PIC = NO;
				GCC_ENABLE_FIX_AND_CONTINUE = YES;
				GCC_MODEL_TUNING = G5;
				GCC_OPTIMIZATION_LEVEL = 0;
				GCC_PREPROCESSOR_DEFINITIONS = (
					"_GLIBCXX_DEBUG=1",
					"_GLIBCXX_DEBUG_PEDANTIC=1",
				);
				INSTALL_PATH = /usr/local/bin;
				PRODUCT_NAME = rerace;
			};
			name = Debug;
		};
		1DEB923308733DC60010E9CD /* Release */ = {
			isa = XCBuildConfiguration;
			buildSettings = {
				ALWAYS_SEARCH_USER_PATHS = NO;
				DEBUG_INFORMATION_FORMAT = "dwarf-with-dsym";
				FRAMEWORK_SEARCH_PATHS = (
					"$(inherited)",
					"\"$(SRCROOT)\"",
				);
				GCC_MODEL_TUNING = G5;
				INSTALL_PATH = /usr/local/bin;
				PRODUCT_NAME = rerace;
			};
			name = Release;
		};
		1DEB923608733DC60010E9CD /* Debug */ = {
			isa = XCBuildConfiguration;
			buildSettings = {
				ARCHS = "$(ARCHS_STANDARD_32_64_BIT)";
				GCC_C_LANGUAGE_STANDARD = gnu99;
				GCC_OPTIMIZATION_LEVEL = 0;
				GCC_WARN_ABOUT_RETURN_TYPE = YES;
				GCC_WARN_UNUSED_VARIABLE = YES;
				ONLY_ACTIVE_ARCH = YES;
				PREBINDING = NO;
				SDKROOT = macosx10.6;
			};
			name = Debug;
		};
		1DEB923708733DC60010E9CD /* Release */ = {
			isa = XCBuildConfiguration;
			buildSettings = {
				ARCHS = "$(ARCHS_STANDARD_32_64_BIT)";
				GCC_C_LANGUAGE_STANDARD = gnu99;
				GCC_WARN_ABOUT_RETURN_TYPE = YES;
				GCC_WARN_UNUSED_VARIABLE = YES;
				PREBINDING = NO;
				SDKROOT = macosx10.6;
			};
			name = Release;
		};
/* End XCBuildConfiguration section */

/* Begin XCConfigurationList section */
		1DEB923108733DC60010E9CD /* Build configuration list for PBXNativeTarget "rerace" */ = {
			isa = XCConfigurationList;
			buildConfigurations = (
				1DEB923208733DC60010E9CD /* Debug */,
				1DEB923308733DC60010E9CD /* Release */,
			);
			defaultConfigurationIsVisible = 0;
			defaultConfigurationName = Release;
		};
		1DEB923508733DC60010E9CD /* Build configuration list for PBXProject "rerace" */ = {
			isa = XCConfigurationList;
			buildConfigurations = (
				1DEB923608733DC60010E9CD /* Debug */,
				1DEB923708733DC60010E9CD /* Release */,
			);
			defaultConfigurationIsVisible = 0;
			defaultConfigurationName = Release;
		};
/* End XCConfigurationList section */
	};
	rootObject = 08FB7793FE84155DC02AAC07 /* Project object */;
}
