// !$*UTF8*$!
{
	archiveVersion = 1;
	classes = {
	};
	objectVersion = 45;
	objects = {

/* Begin PBXBuildFile section */
		49508EDB1099415700EC02DF /* Course.cpp in Sources */ = {isa = PBXBuildFile; fileRef = 49508EDA1099415700EC02DF /* Course.cpp */; };
		4955FD4F1096325F00B80A12 /* VectorMath.cpp in Sources */ = {isa = PBXBuildFile; fileRef = 4955FD4E1096325F00B80A12 /* VectorMath.cpp */; };
		496DA7D110921A440016E1FB /* ApplicationServices.framework in Frameworks */ = {isa = PBXBuildFile; fileRef = 496DA7D010921A440016E1FB /* ApplicationServices.framework */; };
		4991852A1093A969008C788A /* Camera.cpp in Sources */ = {isa = PBXBuildFile; fileRef = 499185291093A969008C788A /* Camera.cpp */; };
		49C843CC109125FA0052A1AA /* GLUT.framework in Frameworks */ = {isa = PBXBuildFile; fileRef = 49C843CB109125FA0052A1AA /* GLUT.framework */; };
		49C843D21091261A0052A1AA /* OpenGL.framework in Frameworks */ = {isa = PBXBuildFile; fileRef = 49C843D11091261A0052A1AA /* OpenGL.framework */; };
		49C844F410913BD00052A1AA /* GameController.cpp in Sources */ = {isa = PBXBuildFile; fileRef = 49C844F310913BD00052A1AA /* GameController.cpp */; };
		49C8453A10913E140052A1AA /* ViewController.cpp in Sources */ = {isa = PBXBuildFile; fileRef = 49C8453910913E140052A1AA /* ViewController.cpp */; };
		49C845E1109147610052A1AA /* PlayerController.cpp in Sources */ = {isa = PBXBuildFile; fileRef = 49C845E0109147610052A1AA /* PlayerController.cpp */; };
		49C845E4109148CF0052A1AA /* Guardian.cpp in Sources */ = {isa = PBXBuildFile; fileRef = 49C845E3109148CF0052A1AA /* Guardian.cpp */; };
		49CB5E73109A4F630038D166 /* level1.txt in CopyFiles */ = {isa = PBXBuildFile; fileRef = 49CB5E72109A4F500038D166 /* level1.txt */; };
		49FA57231091F8EA001CE911 /* Primitives.cpp in Sources */ = {isa = PBXBuildFile; fileRef = 49FA57221091F8EA001CE911 /* Primitives.cpp */; };
		530A68AF10911A8800C87CD4 /* Racer.cpp in Sources */ = {isa = PBXBuildFile; fileRef = 530A68AE10911A8800C87CD4 /* Racer.cpp */; };
		8DD76F650486A84900D96B5E /* main.cpp in Sources */ = {isa = PBXBuildFile; fileRef = 08FB7796FE84155DC02AAC07 /* main.cpp */; settings = {ATTRIBUTES = (); }; };
		8DD76F6A0486A84900D96B5E /* rerace.1 in CopyFiles */ = {isa = PBXBuildFile; fileRef = C6859E8B029090EE04C91782 /* rerace.1 */; };
/* End PBXBuildFile section */

/* Begin PBXCopyFilesBuildPhase section */
		8DD76F690486A84900D96B5E /* CopyFiles */ = {
			isa = PBXCopyFilesBuildPhase;
			buildActionMask = 8;
			dstPath = /usr/share/man/man1/;
			dstSubfolderSpec = 0;
			files = (
				49CB5E73109A4F630038D166 /* level1.txt in CopyFiles */,
				8DD76F6A0486A84900D96B5E /* rerace.1 in CopyFiles */,
			);
			runOnlyForDeploymentPostprocessing = 1;
		};
/* End PBXCopyFilesBuildPhase section */

/* Begin PBXFileReference section */
		08FB7796FE84155DC02AAC07 /* main.cpp */ = {isa = PBXFileReference; fileEncoding = 4; lastKnownFileType = sourcecode.cpp.cpp; path = main.cpp; sourceTree = "<group>"; };
		49508ED91099415700EC02DF /* Course.h */ = {isa = PBXFileReference; fileEncoding = 4; lastKnownFileType = sourcecode.c.h; path = Course.h; sourceTree = "<group>"; };
		49508EDA1099415700EC02DF /* Course.cpp */ = {isa = PBXFileReference; fileEncoding = 4; lastKnownFileType = sourcecode.cpp.cpp; path = Course.cpp; sourceTree = "<group>"; };
		4955FD4D1096325F00B80A12 /* VectorMath.h */ = {isa = PBXFileReference; fileEncoding = 4; lastKnownFileType = sourcecode.c.h; path = VectorMath.h; sourceTree = "<group>"; };
		4955FD4E1096325F00B80A12 /* VectorMath.cpp */ = {isa = PBXFileReference; fileEncoding = 4; lastKnownFileType = sourcecode.cpp.cpp; path = VectorMath.cpp; sourceTree = "<group>"; };
		496DA7D010921A440016E1FB /* ApplicationServices.framework */ = {isa = PBXFileReference; lastKnownFileType = wrapper.framework; name = ApplicationServices.framework; path = /System/Library/Frameworks/ApplicationServices.framework; sourceTree = "<absolute>"; };
		499185281093A969008C788A /* Camera.h */ = {isa = PBXFileReference; fileEncoding = 4; lastKnownFileType = sourcecode.c.h; path = Camera.h; sourceTree = "<group>"; };
		499185291093A969008C788A /* Camera.cpp */ = {isa = PBXFileReference; fileEncoding = 4; lastKnownFileType = sourcecode.cpp.cpp; path = Camera.cpp; sourceTree = "<group>"; };
		49C843CB109125FA0052A1AA /* GLUT.framework */ = {isa = PBXFileReference; lastKnownFileType = wrapper.framework; name = GLUT.framework; path = /System/Library/Frameworks/GLUT.framework; sourceTree = "<absolute>"; };
		49C843D11091261A0052A1AA /* OpenGL.framework */ = {isa = PBXFileReference; lastKnownFileType = wrapper.framework; name = OpenGL.framework; path = /System/Library/Frameworks/OpenGL.framework; sourceTree = "<absolute>"; };
		49C844F210913BD00052A1AA /* GameController.h */ = {isa = PBXFileReference; fileEncoding = 4; lastKnownFileType = sourcecode.c.h; path = GameController.h; sourceTree = "<group>"; };
		49C844F310913BD00052A1AA /* GameController.cpp */ = {isa = PBXFileReference; fileEncoding = 4; lastKnownFileType = sourcecode.cpp.cpp; path = GameController.cpp; sourceTree = "<group>"; };
		49C8453810913E140052A1AA /* ViewController.h */ = {isa = PBXFileReference; fileEncoding = 4; lastKnownFileType = sourcecode.c.h; path = ViewController.h; sourceTree = "<group>"; };
		49C8453910913E140052A1AA /* ViewController.cpp */ = {isa = PBXFileReference; fileEncoding = 4; lastKnownFileType = sourcecode.cpp.cpp; path = ViewController.cpp; sourceTree = "<group>"; };
		49C845D81091468A0052A1AA /* constants.h */ = {isa = PBXFileReference; fileEncoding = 4; lastKnownFileType = sourcecode.c.h; path = constants.h; sourceTree = "<group>"; };
		49C845DF109147610052A1AA /* PlayerController.h */ = {isa = PBXFileReference; fileEncoding = 4; lastKnownFileType = sourcecode.c.h; path = PlayerController.h; sourceTree = "<group>"; };
		49C845E0109147610052A1AA /* PlayerController.cpp */ = {isa = PBXFileReference; fileEncoding = 4; lastKnownFileType = sourcecode.cpp.cpp; path = PlayerController.cpp; sourceTree = "<group>"; };
		49C845E2109148CF0052A1AA /* Guardian.h */ = {isa = PBXFileReference; fileEncoding = 4; lastKnownFileType = sourcecode.c.h; path = Guardian.h; sourceTree = "<group>"; };
		49C845E3109148CF0052A1AA /* Guardian.cpp */ = {isa = PBXFileReference; fileEncoding = 4; lastKnownFileType = sourcecode.cpp.cpp; path = Guardian.cpp; sourceTree = "<group>"; };
		49C846B910914D530052A1AA /* Primitives.h */ = {isa = PBXFileReference; fileEncoding = 4; lastKnownFileType = sourcecode.c.h; path = Primitives.h; sourceTree = "<group>"; };
		49CB5E72109A4F500038D166 /* level1.txt */ = {isa = PBXFileReference; fileEncoding = 4; lastKnownFileType = text; path = level1.txt; sourceTree = "<group>"; };
		49FA57221091F8EA001CE911 /* Primitives.cpp */ = {isa = PBXFileReference; fileEncoding = 4; lastKnownFileType = sourcecode.cpp.cpp; path = Primitives.cpp; sourceTree = "<group>"; };
		530A68AD10911A8800C87CD4 /* Racer.h */ = {isa = PBXFileReference; fileEncoding = 4; lastKnownFileType = sourcecode.c.h; path = Racer.h; sourceTree = "<group>"; };
		530A68AE10911A8800C87CD4 /* Racer.cpp */ = {isa = PBXFileReference; fileEncoding = 4; lastKnownFileType = sourcecode.cpp.cpp; path = Racer.cpp; sourceTree = "<group>"; };
		8DD76F6C0486A84900D96B5E /* rerace */ = {isa = PBXFileReference; explicitFileType = "compiled.mach-o.executable"; includeInIndex = 0; path = rerace; sourceTree = BUILT_PRODUCTS_DIR; };
		C6859E8B029090EE04C91782 /* rerace.1 */ = {isa = PBXFileReference; lastKnownFileType = text.man; path = rerace.1; sourceTree = "<group>"; };
/* End PBXFileReference section */

/* Begin PBXFrameworksBuildPhase section */
		8DD76F660486A84900D96B5E /* Frameworks */ = {
			isa = PBXFrameworksBuildPhase;
			buildActionMask = 2147483647;
			files = (
				49C843CC109125FA0052A1AA /* GLUT.framework in Frameworks */,
				49C843D21091261A0052A1AA /* OpenGL.framework in Frameworks */,
				496DA7D110921A440016E1FB /* ApplicationServices.framework in Frameworks */,
			);
			runOnlyForDeploymentPostprocessing = 0;
		};
/* End PBXFrameworksBuildPhase section */

/* Begin PBXGroup section */
		08FB7794FE84155DC02AAC07 /* rerace */ = {
			isa = PBXGroup;
			children = (
				49CB5E71109A4F380038D166 /* Levels */,
				08FB7795FE84155DC02AAC07 /* Source */,
				C6859E8C029090F304C91782 /* Documentation */,
				1AB674ADFE9D54B511CA2CBB /* Products */,
				49C843CB109125FA0052A1AA /* GLUT.framework */,
				49C843D11091261A0052A1AA /* OpenGL.framework */,
				496DA7D010921A440016E1FB /* ApplicationServices.framework */,
			);
			name = rerace;
			sourceTree = "<group>";
		};
		08FB7795FE84155DC02AAC07 /* Source */ = {
			isa = PBXGroup;
			children = (
				49508ED81099414200EC02DF /* Environment */,
				4955FD501096326300B80A12 /* Math */,
				49C846B810914D490052A1AA /* Drawing */,
				49C845D81091468A0052A1AA /* constants.h */,
				49C84577109140C20052A1AA /* Game Objects */,
				49C844F110913BB40052A1AA /* Control */,
				08FB7796FE84155DC02AAC07 /* main.cpp */,
			);
			name = Source;
			sourceTree = "<group>";
		};
		1AB674ADFE9D54B511CA2CBB /* Products */ = {
			isa = PBXGroup;
			children = (
				8DD76F6C0486A84900D96B5E /* rerace */,
			);
			name = Products;
			sourceTree = "<group>";
		};
		49508ED81099414200EC02DF /* Environment */ = {
			isa = PBXGroup;
			children = (
				49508ED91099415700EC02DF /* Course.h */,
				49508EDA1099415700EC02DF /* Course.cpp */,
			);
			name = Environment;
			sourceTree = "<group>";
		};
		4955FD501096326300B80A12 /* Math */ = {
			isa = PBXGroup;
			children = (
				4955FD4D1096325F00B80A12 /* VectorMath.h */,
				4955FD4E1096325F00B80A12 /* VectorMath.cpp */,
			);
			name = Math;
			sourceTree = "<group>";
		};
		49C844F110913BB40052A1AA /* Control */ = {
			isa = PBXGroup;
			children = (
				499185281093A969008C788A /* Camera.h */,
				499185291093A969008C788A /* Camera.cpp */,
				49C844F210913BD00052A1AA /* GameController.h */,
				49C844F310913BD00052A1AA /* GameController.cpp */,
				49C8453810913E140052A1AA /* ViewController.h */,
				49C8453910913E140052A1AA /* ViewController.cpp */,
				49C845DF109147610052A1AA /* PlayerController.h */,
				49C845E0109147610052A1AA /* PlayerController.cpp */,
			);
			name = Control;
			sourceTree = "<group>";
		};
		49C84577109140C20052A1AA /* Game Objects */ = {
			isa = PBXGroup;
			children = (
				530A68AD10911A8800C87CD4 /* Racer.h */,
				530A68AE10911A8800C87CD4 /* Racer.cpp */,
				49C845E2109148CF0052A1AA /* Guardian.h */,
				49C845E3109148CF0052A1AA /* Guardian.cpp */,
			);
			name = "Game Objects";
			sourceTree = "<group>";
		};
		49C846B810914D490052A1AA /* Drawing */ = {
			isa = PBXGroup;
			children = (
				49C846B910914D530052A1AA /* Primitives.h */,
				49FA57221091F8EA001CE911 /* Primitives.cpp */,
			);
			name = Drawing;
			sourceTree = "<group>";
		};
		49CB5E71109A4F380038D166 /* Levels */ = {
			isa = PBXGroup;
			children = (
				49CB5E72109A4F500038D166 /* level1.txt */,
			);
			name = Levels;
			sourceTree = "<group>";
		};
		C6859E8C029090F304C91782 /* Documentation */ = {
			isa = PBXGroup;
			children = (
				C6859E8B029090EE04C91782 /* rerace.1 */,
			);
			name = Documentation;
			sourceTree = "<group>";
		};
/* End PBXGroup section */

/* Begin PBXNativeTarget section */
		8DD76F620486A84900D96B5E /* rerace */ = {
			isa = PBXNativeTarget;
			buildConfigurationList = 1DEB923108733DC60010E9CD /* Build configuration list for PBXNativeTarget "rerace" */;
			buildPhases = (
				8DD76F640486A84900D96B5E /* Sources */,
				8DD76F660486A84900D96B5E /* Frameworks */,
				8DD76F690486A84900D96B5E /* CopyFiles */,
			);
			buildRules = (
			);
			dependencies = (
			);
			name = rerace;
			productInstallPath = "$(HOME)/bin";
			productName = rerace;
			productReference = 8DD76F6C0486A84900D96B5E /* rerace */;
			productType = "com.apple.product-type.tool";
		};
/* End PBXNativeTarget section */

/* Begin PBXProject section */
		08FB7793FE84155DC02AAC07 /* Project object */ = {
			isa = PBXProject;
			buildConfigurationList = 1DEB923508733DC60010E9CD /* Build configuration list for PBXProject "rerace" */;
			compatibilityVersion = "Xcode 3.1";
			hasScannedForEncodings = 1;
			mainGroup = 08FB7794FE84155DC02AAC07 /* rerace */;
			projectDirPath = "";
			projectRoot = "";
			targets = (
				8DD76F620486A84900D96B5E /* rerace */,
			);
		};
/* End PBXProject section */

/* Begin PBXSourcesBuildPhase section */
		8DD76F640486A84900D96B5E /* Sources */ = {
			isa = PBXSourcesBuildPhase;
			buildActionMask = 2147483647;
			files = (
				8DD76F650486A84900D96B5E /* main.cpp in Sources */,
				530A68AF10911A8800C87CD4 /* Racer.cpp in Sources */,
				49C844F410913BD00052A1AA /* GameController.cpp in Sources */,
				49C8453A10913E140052A1AA /* ViewController.cpp in Sources */,
				49C845E1109147610052A1AA /* PlayerController.cpp in Sources */,
				49C845E4109148CF0052A1AA /* Guardian.cpp in Sources */,
				49FA57231091F8EA001CE911 /* Primitives.cpp in Sources */,
				4991852A1093A969008C788A /* Camera.cpp in Sources */,
				4955FD4F1096325F00B80A12 /* VectorMath.cpp in Sources */,
				49508EDB1099415700EC02DF /* Course.cpp in Sources */,
			);
			runOnlyForDeploymentPostprocessing = 0;
		};
/* End PBXSourcesBuildPhase section */

/* Begin XCBuildConfiguration section */
		1DEB923208733DC60010E9CD /* Debug */ = {
			isa = XCBuildConfiguration;
			buildSettings = {
				ALWAYS_SEARCH_USER_PATHS = NO;
				COPY_PHASE_STRIP = NO;
				GCC_DYNAMIC_NO_PIC = NO;
				GCC_ENABLE_FIX_AND_CONTINUE = YES;
				GCC_MODEL_TUNING = G5;
				GCC_OPTIMIZATION_LEVEL = 0;
				GCC_PREPROCESSOR_DEFINITIONS = (
					"_GLIBCXX_DEBUG=1",
					"_GLIBCXX_DEBUG_PEDANTIC=1",
				);
				INSTALL_PATH = /usr/local/bin;
				PRODUCT_NAME = rerace;
			};
			name = Debug;
		};
		1DEB923308733DC60010E9CD /* Release */ = {
			isa = XCBuildConfiguration;
			buildSettings = {
				ALWAYS_SEARCH_USER_PATHS = NO;
				DEBUG_INFORMATION_FORMAT = "dwarf-with-dsym";
				GCC_MODEL_TUNING = G5;
				INSTALL_PATH = /usr/local/bin;
				PRODUCT_NAME = rerace;
			};
			name = Release;
		};
		1DEB923608733DC60010E9CD /* Debug */ = {
			isa = XCBuildConfiguration;
			buildSettings = {
				ARCHS = "$(ARCHS_STANDARD_32_64_BIT)";
				GCC_C_LANGUAGE_STANDARD = gnu99;
				GCC_OPTIMIZATION_LEVEL = 0;
				GCC_WARN_ABOUT_RETURN_TYPE = YES;
				GCC_WARN_UNUSED_VARIABLE = YES;
				ONLY_ACTIVE_ARCH = YES;
				PREBINDING = NO;
				SDKROOT = macosx10.6;
			};
			name = Debug;
		};
		1DEB923708733DC60010E9CD /* Release */ = {
			isa = XCBuildConfiguration;
			buildSettings = {
				ARCHS = "$(ARCHS_STANDARD_32_64_BIT)";
				GCC_C_LANGUAGE_STANDARD = gnu99;
				GCC_WARN_ABOUT_RETURN_TYPE = YES;
				GCC_WARN_UNUSED_VARIABLE = YES;
				PREBINDING = NO;
				SDKROOT = macosx10.6;
			};
			name = Release;
		};
/* End XCBuildConfiguration section */

/* Begin XCConfigurationList section */
		1DEB923108733DC60010E9CD /* Build configuration list for PBXNativeTarget "rerace" */ = {
			isa = XCConfigurationList;
			buildConfigurations = (
				1DEB923208733DC60010E9CD /* Debug */,
				1DEB923308733DC60010E9CD /* Release */,
			);
			defaultConfigurationIsVisible = 0;
			defaultConfigurationName = Release;
		};
		1DEB923508733DC60010E9CD /* Build configuration list for PBXProject "rerace" */ = {
			isa = XCConfigurationList;
			buildConfigurations = (
				1DEB923608733DC60010E9CD /* Debug */,
				1DEB923708733DC60010E9CD /* Release */,
			);
			defaultConfigurationIsVisible = 0;
			defaultConfigurationName = Release;
		};
/* End XCConfigurationList section */
	};
	rootObject = 08FB7793FE84155DC02AAC07 /* Project object */;
}
